// !$*UTF8*$!
{
	archiveVersion = 1;
	classes = {
	};
	objectVersion = 77;
	objects = {

/* Begin PBXBuildFile section */
		F65A54412D19C03C0017655B /* Preview Assets.xcassets in Resources */ = {isa = PBXBuildFile; fileRef = F65A543B2D19C03C0017655B /* Preview Assets.xcassets */; };
		F65A54422D19C03C0017655B /* Assets.xcassets in Resources */ = {isa = PBXBuildFile; fileRef = F65A543D2D19C03C0017655B /* Assets.xcassets */; };
		F65A54432D19C03C0017655B /* ContentView.swift in Sources */ = {isa = PBXBuildFile; fileRef = F65A543E2D19C03C0017655B /* ContentView.swift */; };
		F65A54442D19C03C0017655B /* Winer_SportApp.swift in Sources */ = {isa = PBXBuildFile; fileRef = F65A543F2D19C03C0017655B /* Winer_SportApp.swift */; };
		F65A54562D19C0EE0017655B /* sport.xcassets in Resources */ = {isa = PBXBuildFile; fileRef = F65A54532D19C0EE0017655B /* sport.xcassets */; };
		F65A54572D19C0EE0017655B /* privacy.html in Resources */ = {isa = PBXBuildFile; fileRef = F65A54462D19C0EE0017655B /* privacy.html */; };
		F65A54582D19C0EE0017655B /* HomeViewWinerSport.swift in Sources */ = {isa = PBXBuildFile; fileRef = F65A54552D19C0EE0017655B /* HomeViewWinerSport.swift */; };
		F65A54592D19C0EE0017655B /* WebView.swift in Sources */ = {isa = PBXBuildFile; fileRef = F65A54482D19C0EE0017655B /* WebView.swift */; };
		F65A545A2D19C0EE0017655B /* QuotesViewWinerSport.swift in Sources */ = {isa = PBXBuildFile; fileRef = F65A544B2D19C0EE0017655B /* QuotesViewWinerSport.swift */; };
		F65A545B2D19C0EE0017655B /* ImagePickerWinerSport.swift in Sources */ = {isa = PBXBuildFile; fileRef = F65A544F2D19C0EE0017655B /* ImagePickerWinerSport.swift */; };
		F65A545C2D19C0EE0017655B /* DayliStrerchViewWinerSport.swift in Sources */ = {isa = PBXBuildFile; fileRef = F65A544D2D19C0EE0017655B /* DayliStrerchViewWinerSport.swift */; };
		F65A545D2D19C0EE0017655B /* DopomogaWinerSport.swift in Sources */ = {isa = PBXBuildFile; fileRef = F65A544C2D19C0EE0017655B /* DopomogaWinerSport.swift */; };
		F65A545E2D19C0EE0017655B /* PrivacyViewWinerSport.swift in Sources */ = {isa = PBXBuildFile; fileRef = F65A54472D19C0EE0017655B /* PrivacyViewWinerSport.swift */; };
		F65A545F2D19C0EE0017655B /* OnboardingViewWinerSport.swift in Sources */ = {isa = PBXBuildFile; fileRef = F65A544A2D19C0EE0017655B /* OnboardingViewWinerSport.swift */; };
		F65A54602D19C0EE0017655B /* ProfileViewWinerSport.swift in Sources */ = {isa = PBXBuildFile; fileRef = F65A54502D19C0EE0017655B /* ProfileViewWinerSport.swift */; };
		F65A54612D19C0EE0017655B /* LoadingViewWinerSport.swift in Sources */ = {isa = PBXBuildFile; fileRef = F65A54452D19C0EE0017655B /* LoadingViewWinerSport.swift */; };
		F65A54622D19C0EE0017655B /* KcalViewWinerSport.swift in Sources */ = {isa = PBXBuildFile; fileRef = F65A544E2D19C0EE0017655B /* KcalViewWinerSport.swift */; };
		F65A54632D19C0EE0017655B /* TrainingViewWinerSport.swift in Sources */ = {isa = PBXBuildFile; fileRef = F65A54522D19C0EE0017655B /* TrainingViewWinerSport.swift */; };
/* End PBXBuildFile section */

/* Begin PBXFileReference section */
		F65A542A2D19C0360017655B /* Winer Sport.app */ = {isa = PBXFileReference; explicitFileType = wrapper.application; includeInIndex = 0; path = "Winer Sport.app"; sourceTree = BUILT_PRODUCTS_DIR; };
		F65A543B2D19C03C0017655B /* Preview Assets.xcassets */ = {isa = PBXFileReference; lastKnownFileType = folder.assetcatalog; path = "Preview Assets.xcassets"; sourceTree = "<group>"; };
		F65A543D2D19C03C0017655B /* Assets.xcassets */ = {isa = PBXFileReference; lastKnownFileType = folder.assetcatalog; path = Assets.xcassets; sourceTree = "<group>"; };
		F65A543E2D19C03C0017655B /* ContentView.swift */ = {isa = PBXFileReference; lastKnownFileType = sourcecode.swift; path = ContentView.swift; sourceTree = "<group>"; };
		F65A543F2D19C03C0017655B /* Winer_SportApp.swift */ = {isa = PBXFileReference; lastKnownFileType = sourcecode.swift; path = Winer_SportApp.swift; sourceTree = "<group>"; };
		F65A54452D19C0EE0017655B /* LoadingViewWinerSport.swift */ = {isa = PBXFileReference; lastKnownFileType = sourcecode.swift; path = LoadingViewWinerSport.swift; sourceTree = "<group>"; };
		F65A54462D19C0EE0017655B /* privacy.html */ = {isa = PBXFileReference; lastKnownFileType = text.html; path = privacy.html; sourceTree = "<group>"; };
		F65A54472D19C0EE0017655B /* PrivacyViewWinerSport.swift */ = {isa = PBXFileReference; lastKnownFileType = sourcecode.swift; path = PrivacyViewWinerSport.swift; sourceTree = "<group>"; };
		F65A54482D19C0EE0017655B /* WebView.swift */ = {isa = PBXFileReference; lastKnownFileType = sourcecode.swift; path = WebView.swift; sourceTree = "<group>"; };
		F65A544A2D19C0EE0017655B /* OnboardingViewWinerSport.swift */ = {isa = PBXFileReference; lastKnownFileType = sourcecode.swift; path = OnboardingViewWinerSport.swift; sourceTree = "<group>"; };
		F65A544B2D19C0EE0017655B /* QuotesViewWinerSport.swift */ = {isa = PBXFileReference; lastKnownFileType = sourcecode.swift; path = QuotesViewWinerSport.swift; sourceTree = "<group>"; };
		F65A544C2D19C0EE0017655B /* DopomogaWinerSport.swift */ = {isa = PBXFileReference; lastKnownFileType = sourcecode.swift; path = DopomogaWinerSport.swift; sourceTree = "<group>"; };
		F65A544D2D19C0EE0017655B /* DayliStrerchViewWinerSport.swift */ = {isa = PBXFileReference; lastKnownFileType = sourcecode.swift; path = DayliStrerchViewWinerSport.swift; sourceTree = "<group>"; };
		F65A544E2D19C0EE0017655B /* KcalViewWinerSport.swift */ = {isa = PBXFileReference; lastKnownFileType = sourcecode.swift; path = KcalViewWinerSport.swift; sourceTree = "<group>"; };
		F65A544F2D19C0EE0017655B /* ImagePickerWinerSport.swift */ = {isa = PBXFileReference; lastKnownFileType = sourcecode.swift; path = ImagePickerWinerSport.swift; sourceTree = "<group>"; };
		F65A54502D19C0EE0017655B /* ProfileViewWinerSport.swift */ = {isa = PBXFileReference; lastKnownFileType = sourcecode.swift; path = ProfileViewWinerSport.swift; sourceTree = "<group>"; };
		F65A54522D19C0EE0017655B /* TrainingViewWinerSport.swift */ = {isa = PBXFileReference; lastKnownFileType = sourcecode.swift; path = TrainingViewWinerSport.swift; sourceTree = "<group>"; };
		F65A54532D19C0EE0017655B /* sport.xcassets */ = {isa = PBXFileReference; lastKnownFileType = folder.assetcatalog; path = sport.xcassets; sourceTree = "<group>"; };
		F65A54552D19C0EE0017655B /* HomeViewWinerSport.swift */ = {isa = PBXFileReference; lastKnownFileType = sourcecode.swift; path = HomeViewWinerSport.swift; sourceTree = "<group>"; };
/* End PBXFileReference section */

/* Begin PBXFrameworksBuildPhase section */
		F65A54272D19C0360017655B /* Frameworks */ = {
			isa = PBXFrameworksBuildPhase;
			buildActionMask = 2147483647;
			files = (
			);
			runOnlyForDeploymentPostprocessing = 0;
		};
/* End PBXFrameworksBuildPhase section */

/* Begin PBXGroup section */
		F65A54212D19C0360017655B = {
			isa = PBXGroup;
			children = (
				F65A54402D19C03C0017655B /* Winer Sport */,
				F65A542B2D19C0360017655B /* Products */,
			);
			sourceTree = "<group>";
		};
		F65A542B2D19C0360017655B /* Products */ = {
			isa = PBXGroup;
			children = (
				F65A542A2D19C0360017655B /* Winer Sport.app */,
			);
			name = Products;
			sourceTree = "<group>";
		};
		F65A543C2D19C03C0017655B /* Preview Content */ = {
			isa = PBXGroup;
			children = (
				F65A543B2D19C03C0017655B /* Preview Assets.xcassets */,
			);
			path = "Preview Content";
			sourceTree = "<group>";
		};
		F65A54402D19C03C0017655B /* Winer Sport */ = {
			isa = PBXGroup;
			children = (
				F65A543F2D19C03C0017655B /* Winer_SportApp.swift */,
				F65A543E2D19C03C0017655B /* ContentView.swift */,
				F65A54492D19C0EE0017655B /* Loading G */,
				F65A544A2D19C0EE0017655B /* OnboardingViewWinerSport.swift */,
				F65A544B2D19C0EE0017655B /* QuotesViewWinerSport.swift */,
				F65A544C2D19C0EE0017655B /* DopomogaWinerSport.swift */,
				F65A544D2D19C0EE0017655B /* DayliStrerchViewWinerSport.swift */,
				F65A544E2D19C0EE0017655B /* KcalViewWinerSport.swift */,
				F65A54512D19C0EE0017655B /* ProfileWinerSport */,
				F65A54542D19C0EE0017655B /* TreshaWinerSport */,
				F65A54552D19C0EE0017655B /* HomeViewWinerSport.swift */,
				F65A543D2D19C03C0017655B /* Assets.xcassets */,
				F65A543C2D19C03C0017655B /* Preview Content */,
			);
			path = "Winer Sport";
			sourceTree = "<group>";
		};
		F65A54492D19C0EE0017655B /* Loading G */ = {
			isa = PBXGroup;
			children = (
				F65A54452D19C0EE0017655B /* LoadingViewWinerSport.swift */,
				F65A54462D19C0EE0017655B /* privacy.html */,
				F65A54472D19C0EE0017655B /* PrivacyViewWinerSport.swift */,
				F65A54482D19C0EE0017655B /* WebView.swift */,
			);
			path = "Loading G";
			sourceTree = "<group>";
		};
		F65A54512D19C0EE0017655B /* ProfileWinerSport */ = {
			isa = PBXGroup;
			children = (
				F65A544F2D19C0EE0017655B /* ImagePickerWinerSport.swift */,
				F65A54502D19C0EE0017655B /* ProfileViewWinerSport.swift */,
			);
			path = ProfileWinerSport;
			sourceTree = "<group>";
		};
		F65A54542D19C0EE0017655B /* TreshaWinerSport */ = {
			isa = PBXGroup;
			children = (
				F65A54522D19C0EE0017655B /* TrainingViewWinerSport.swift */,
				F65A54532D19C0EE0017655B /* sport.xcassets */,
			);
			path = TreshaWinerSport;
			sourceTree = "<group>";
		};
/* End PBXGroup section */

/* Begin PBXNativeTarget section */
		F65A54292D19C0360017655B /* Winer Sport */ = {
			isa = PBXNativeTarget;
			buildConfigurationList = F65A54382D19C0370017655B /* Build configuration list for PBXNativeTarget "Winer Sport" */;
			buildPhases = (
				F65A54262D19C0360017655B /* Sources */,
				F65A54272D19C0360017655B /* Frameworks */,
				F65A54282D19C0360017655B /* Resources */,
			);
			buildRules = (
			);
			dependencies = (
			);
			name = "Winer Sport";
			packageProductDependencies = (
			);
			productName = "Winer Sport";
			productReference = F65A542A2D19C0360017655B /* Winer Sport.app */;
			productType = "com.apple.product-type.application";
		};
/* End PBXNativeTarget section */

/* Begin PBXProject section */
		F65A54222D19C0360017655B /* Project object */ = {
			isa = PBXProject;
			attributes = {
				BuildIndependentTargetsInParallel = 1;
				LastSwiftUpdateCheck = 1600;
				LastUpgradeCheck = 1600;
				TargetAttributes = {
					F65A54292D19C0360017655B = {
						CreatedOnToolsVersion = 16.0;
					};
				};
			};
			buildConfigurationList = F65A54252D19C0360017655B /* Build configuration list for PBXProject "Winer Sport" */;
			developmentRegion = en;
			hasScannedForEncodings = 0;
			knownRegions = (
				en,
				Base,
			);
			mainGroup = F65A54212D19C0360017655B;
			minimizedProjectReferenceProxies = 1;
			preferredProjectObjectVersion = 77;
			productRefGroup = F65A542B2D19C0360017655B /* Products */;
			projectDirPath = "";
			projectRoot = "";
			targets = (
				F65A54292D19C0360017655B /* Winer Sport */,
			);
		};
/* End PBXProject section */

/* Begin PBXResourcesBuildPhase section */
		F65A54282D19C0360017655B /* Resources */ = {
			isa = PBXResourcesBuildPhase;
			buildActionMask = 2147483647;
			files = (
				F65A54412D19C03C0017655B /* Preview Assets.xcassets in Resources */,
				F65A54562D19C0EE0017655B /* sport.xcassets in Resources */,
				F65A54572D19C0EE0017655B /* privacy.html in Resources */,
				F65A54422D19C03C0017655B /* Assets.xcassets in Resources */,
			);
			runOnlyForDeploymentPostprocessing = 0;
		};
/* End PBXResourcesBuildPhase section */

/* Begin PBXSourcesBuildPhase section */
		F65A54262D19C0360017655B /* Sources */ = {
			isa = PBXSourcesBuildPhase;
			buildActionMask = 2147483647;
			files = (
				F65A54432D19C03C0017655B /* ContentView.swift in Sources */,
				F65A54582D19C0EE0017655B /* HomeViewWinerSport.swift in Sources */,
				F65A54592D19C0EE0017655B /* WebView.swift in Sources */,
				F65A545A2D19C0EE0017655B /* QuotesViewWinerSport.swift in Sources */,
				F65A545B2D19C0EE0017655B /* ImagePickerWinerSport.swift in Sources */,
				F65A545C2D19C0EE0017655B /* DayliStrerchViewWinerSport.swift in Sources */,
				F65A545D2D19C0EE0017655B /* DopomogaWinerSport.swift in Sources */,
				F65A545E2D19C0EE0017655B /* PrivacyViewWinerSport.swift in Sources */,
				F65A545F2D19C0EE0017655B /* OnboardingViewWinerSport.swift in Sources */,
				F65A54602D19C0EE0017655B /* ProfileViewWinerSport.swift in Sources */,
				F65A54612D19C0EE0017655B /* LoadingViewWinerSport.swift in Sources */,
				F65A54622D19C0EE0017655B /* KcalViewWinerSport.swift in Sources */,
				F65A54632D19C0EE0017655B /* TrainingViewWinerSport.swift in Sources */,
				F65A54442D19C03C0017655B /* Winer_SportApp.swift in Sources */,
			);
			runOnlyForDeploymentPostprocessing = 0;
		};
/* End PBXSourcesBuildPhase section */

/* Begin XCBuildConfiguration section */
		F65A54362D19C0370017655B /* Debug */ = {
			isa = XCBuildConfiguration;
			buildSettings = {
				ALWAYS_SEARCH_USER_PATHS = NO;
				ASSETCATALOG_COMPILER_GENERATE_SWIFT_ASSET_SYMBOL_EXTENSIONS = YES;
				CLANG_ANALYZER_NONNULL = YES;
				CLANG_ANALYZER_NUMBER_OBJECT_CONVERSION = YES_AGGRESSIVE;
				CLANG_CXX_LANGUAGE_STANDARD = "gnu++20";
				CLANG_ENABLE_MODULES = YES;
				CLANG_ENABLE_OBJC_ARC = YES;
				CLANG_ENABLE_OBJC_WEAK = YES;
				CLANG_WARN_BLOCK_CAPTURE_AUTORELEASING = YES;
				CLANG_WARN_BOOL_CONVERSION = YES;
				CLANG_WARN_COMMA = YES;
				CLANG_WARN_CONSTANT_CONVERSION = YES;
				CLANG_WARN_DEPRECATED_OBJC_IMPLEMENTATIONS = YES;
				CLANG_WARN_DIRECT_OBJC_ISA_USAGE = YES_ERROR;
				CLANG_WARN_DOCUMENTATION_COMMENTS = YES;
				CLANG_WARN_EMPTY_BODY = YES;
				CLANG_WARN_ENUM_CONVERSION = YES;
				CLANG_WARN_INFINITE_RECURSION = YES;
				CLANG_WARN_INT_CONVERSION = YES;
				CLANG_WARN_NON_LITERAL_NULL_CONVERSION = YES;
				CLANG_WARN_OBJC_IMPLICIT_RETAIN_SELF = YES;
				CLANG_WARN_OBJC_LITERAL_CONVERSION = YES;
				CLANG_WARN_OBJC_ROOT_CLASS = YES_ERROR;
				CLANG_WARN_QUOTED_INCLUDE_IN_FRAMEWORK_HEADER = YES;
				CLANG_WARN_RANGE_LOOP_ANALYSIS = YES;
				CLANG_WARN_STRICT_PROTOTYPES = YES;
				CLANG_WARN_SUSPICIOUS_MOVE = YES;
				CLANG_WARN_UNGUARDED_AVAILABILITY = YES_AGGRESSIVE;
				CLANG_WARN_UNREACHABLE_CODE = YES;
				CLANG_WARN__DUPLICATE_METHOD_MATCH = YES;
				COPY_PHASE_STRIP = NO;
				DEBUG_INFORMATION_FORMAT = dwarf;
				ENABLE_STRICT_OBJC_MSGSEND = YES;
				ENABLE_TESTABILITY = YES;
				ENABLE_USER_SCRIPT_SANDBOXING = YES;
				GCC_C_LANGUAGE_STANDARD = gnu17;
				GCC_DYNAMIC_NO_PIC = NO;
				GCC_NO_COMMON_BLOCKS = YES;
				GCC_OPTIMIZATION_LEVEL = 0;
				GCC_PREPROCESSOR_DEFINITIONS = (
					"DEBUG=1",
					"$(inherited)",
				);
				GCC_WARN_64_TO_32_BIT_CONVERSION = YES;
				GCC_WARN_ABOUT_RETURN_TYPE = YES_ERROR;
				GCC_WARN_UNDECLARED_SELECTOR = YES;
				GCC_WARN_UNINITIALIZED_AUTOS = YES_AGGRESSIVE;
				GCC_WARN_UNUSED_FUNCTION = YES;
				GCC_WARN_UNUSED_VARIABLE = YES;
				IPHONEOS_DEPLOYMENT_TARGET = 18.0;
				LOCALIZATION_PREFERS_STRING_CATALOGS = YES;
				MTL_ENABLE_DEBUG_INFO = INCLUDE_SOURCE;
				MTL_FAST_MATH = YES;
				ONLY_ACTIVE_ARCH = YES;
				SDKROOT = iphoneos;
				SWIFT_ACTIVE_COMPILATION_CONDITIONS = "DEBUG $(inherited)";
				SWIFT_OPTIMIZATION_LEVEL = "-Onone";
			};
			name = Debug;
		};
		F65A54372D19C0370017655B /* Release */ = {
			isa = XCBuildConfiguration;
			buildSettings = {
				ALWAYS_SEARCH_USER_PATHS = NO;
				ASSETCATALOG_COMPILER_GENERATE_SWIFT_ASSET_SYMBOL_EXTENSIONS = YES;
				CLANG_ANALYZER_NONNULL = YES;
				CLANG_ANALYZER_NUMBER_OBJECT_CONVERSION = YES_AGGRESSIVE;
				CLANG_CXX_LANGUAGE_STANDARD = "gnu++20";
				CLANG_ENABLE_MODULES = YES;
				CLANG_ENABLE_OBJC_ARC = YES;
				CLANG_ENABLE_OBJC_WEAK = YES;
				CLANG_WARN_BLOCK_CAPTURE_AUTORELEASING = YES;
				CLANG_WARN_BOOL_CONVERSION = YES;
				CLANG_WARN_COMMA = YES;
				CLANG_WARN_CONSTANT_CONVERSION = YES;
				CLANG_WARN_DEPRECATED_OBJC_IMPLEMENTATIONS = YES;
				CLANG_WARN_DIRECT_OBJC_ISA_USAGE = YES_ERROR;
				CLANG_WARN_DOCUMENTATION_COMMENTS = YES;
				CLANG_WARN_EMPTY_BODY = YES;
				CLANG_WARN_ENUM_CONVERSION = YES;
				CLANG_WARN_INFINITE_RECURSION = YES;
				CLANG_WARN_INT_CONVERSION = YES;
				CLANG_WARN_NON_LITERAL_NULL_CONVERSION = YES;
				CLANG_WARN_OBJC_IMPLICIT_RETAIN_SELF = YES;
				CLANG_WARN_OBJC_LITERAL_CONVERSION = YES;
				CLANG_WARN_OBJC_ROOT_CLASS = YES_ERROR;
				CLANG_WARN_QUOTED_INCLUDE_IN_FRAMEWORK_HEADER = YES;
				CLANG_WARN_RANGE_LOOP_ANALYSIS = YES;
				CLANG_WARN_STRICT_PROTOTYPES = YES;
				CLANG_WARN_SUSPICIOUS_MOVE = YES;
				CLANG_WARN_UNGUARDED_AVAILABILITY = YES_AGGRESSIVE;
				CLANG_WARN_UNREACHABLE_CODE = YES;
				CLANG_WARN__DUPLICATE_METHOD_MATCH = YES;
				COPY_PHASE_STRIP = NO;
				DEBUG_INFORMATION_FORMAT = "dwarf-with-dsym";
				ENABLE_NS_ASSERTIONS = NO;
				ENABLE_STRICT_OBJC_MSGSEND = YES;
				ENABLE_USER_SCRIPT_SANDBOXING = YES;
				GCC_C_LANGUAGE_STANDARD = gnu17;
				GCC_NO_COMMON_BLOCKS = YES;
				GCC_WARN_64_TO_32_BIT_CONVERSION = YES;
				GCC_WARN_ABOUT_RETURN_TYPE = YES_ERROR;
				GCC_WARN_UNDECLARED_SELECTOR = YES;
				GCC_WARN_UNINITIALIZED_AUTOS = YES_AGGRESSIVE;
				GCC_WARN_UNUSED_FUNCTION = YES;
				GCC_WARN_UNUSED_VARIABLE = YES;
				IPHONEOS_DEPLOYMENT_TARGET = 18.0;
				LOCALIZATION_PREFERS_STRING_CATALOGS = YES;
				MTL_ENABLE_DEBUG_INFO = NO;
				MTL_FAST_MATH = YES;
				SDKROOT = iphoneos;
				SWIFT_COMPILATION_MODE = wholemodule;
				VALIDATE_PRODUCT = YES;
			};
			name = Release;
		};
		F65A54392D19C0370017655B /* Debug */ = {
			isa = XCBuildConfiguration;
			buildSettings = {
				ASSETCATALOG_COMPILER_APPICON_NAME = AppIcon;
				ASSETCATALOG_COMPILER_GLOBAL_ACCENT_COLOR_NAME = AccentColor;
				CODE_SIGN_STYLE = Automatic;
				CURRENT_PROJECT_VERSION = 3;
				DEVELOPMENT_ASSET_PATHS = "\"Winer Sport/Preview Content\"";
				DEVELOPMENT_TEAM = "";
				ENABLE_PREVIEWS = YES;
				GENERATE_INFOPLIST_FILE = YES;
				INFOPLIST_KEY_CFBundleDisplayName = "Sport Winer";
				INFOPLIST_KEY_NSCameraUsageDescription = "We need access to the camera to set your profile picture.";
				INFOPLIST_KEY_UIApplicationSceneManifest_Generation = YES;
				INFOPLIST_KEY_UIApplicationSupportsIndirectInputEvents = YES;
				INFOPLIST_KEY_UILaunchScreen_Generation = YES;
				INFOPLIST_KEY_UISupportedInterfaceOrientations_iPad = "UIInterfaceOrientationPortrait UIInterfaceOrientationPortraitUpsideDown UIInterfaceOrientationLandscapeLeft UIInterfaceOrientationLandscapeRight";
				INFOPLIST_KEY_UISupportedInterfaceOrientations_iPhone = "UIInterfaceOrientationPortrait UIInterfaceOrientationLandscapeLeft UIInterfaceOrientationLandscapeRight";
				IPHONEOS_DEPLOYMENT_TARGET = 16.0;
				LD_RUNPATH_SEARCH_PATHS = (
					"$(inherited)",
					"@executable_path/Frameworks",
				);
				MARKETING_VERSION = 1.0;
				PRODUCT_BUNDLE_IDENTIFIER = com.sportwiner;
				PRODUCT_NAME = "$(TARGET_NAME)";
				SUPPORTED_PLATFORMS = "iphoneos iphonesimulator";
				SUPPORTS_MACCATALYST = NO;
				SUPPORTS_MAC_DESIGNED_FOR_IPHONE_IPAD = NO;
				SUPPORTS_XR_DESIGNED_FOR_IPHONE_IPAD = NO;
				SWIFT_EMIT_LOC_STRINGS = YES;
				SWIFT_VERSION = 5.0;
				TARGETED_DEVICE_FAMILY = 1;
			};
			name = Debug;
		};
		F65A543A2D19C0370017655B /* Release */ = {
			isa = XCBuildConfiguration;
			buildSettings = {
				ASSETCATALOG_COMPILER_APPICON_NAME = AppIcon;
				ASSETCATALOG_COMPILER_GLOBAL_ACCENT_COLOR_NAME = AccentColor;
				CODE_SIGN_STYLE = Automatic;
				CURRENT_PROJECT_VERSION = 3;
				DEVELOPMENT_ASSET_PATHS = "\"Winer Sport/Preview Content\"";
				DEVELOPMENT_TEAM = "";
				ENABLE_PREVIEWS = YES;
				GENERATE_INFOPLIST_FILE = YES;
				INFOPLIST_KEY_CFBundleDisplayName = "Sport Winer";
				INFOPLIST_KEY_NSCameraUsageDescription = "We need access to the camera to set your profile picture.";
				INFOPLIST_KEY_UIApplicationSceneManifest_Generation = YES;
				INFOPLIST_KEY_UIApplicationSupportsIndirectInputEvents = YES;
				INFOPLIST_KEY_UILaunchScreen_Generation = YES;
				INFOPLIST_KEY_UISupportedInterfaceOrientations_iPad = "UIInterfaceOrientationPortrait UIInterfaceOrientationPortraitUpsideDown UIInterfaceOrientationLandscapeLeft UIInterfaceOrientationLandscapeRight";
				INFOPLIST_KEY_UISupportedInterfaceOrientations_iPhone = "UIInterfaceOrientationPortrait UIInterfaceOrientationLandscapeLeft UIInterfaceOrientationLandscapeRight";
				IPHONEOS_DEPLOYMENT_TARGET = 16.0;
				LD_RUNPATH_SEARCH_PATHS = (
					"$(inherited)",
					"@executable_path/Frameworks",
				);
				MARKETING_VERSION = 1.0;
				PRODUCT_BUNDLE_IDENTIFIER = com.sportwiner;
				PRODUCT_NAME = "$(TARGET_NAME)";
				SUPPORTED_PLATFORMS = "iphoneos iphonesimulator";
				SUPPORTS_MACCATALYST = NO;
				SUPPORTS_MAC_DESIGNED_FOR_IPHONE_IPAD = NO;
				SUPPORTS_XR_DESIGNED_FOR_IPHONE_IPAD = NO;
				SWIFT_EMIT_LOC_STRINGS = YES;
				SWIFT_VERSION = 5.0;
				TARGETED_DEVICE_FAMILY = 1;
			};
			name = Release;
		};
/* End XCBuildConfiguration section */

/* Begin XCConfigurationList section */
		F65A54252D19C0360017655B /* Build configuration list for PBXProject "Winer Sport" */ = {
			isa = XCConfigurationList;
			buildConfigurations = (
				F65A54362D19C0370017655B /* Debug */,
				F65A54372D19C0370017655B /* Release */,
			);
			defaultConfigurationIsVisible = 0;
			defaultConfigurationName = Release;
		};
		F65A54382D19C0370017655B /* Build configuration list for PBXNativeTarget "Winer Sport" */ = {
			isa = XCConfigurationList;
			buildConfigurations = (
				F65A54392D19C0370017655B /* Debug */,
				F65A543A2D19C0370017655B /* Release */,
			);
			defaultConfigurationIsVisible = 0;
			defaultConfigurationName = Release;
		};
/* End XCConfigurationList section */
	};
	rootObject = F65A54222D19C0360017655B /* Project object */;
}
